# This file is generated by running "yarn install" inside your project.
# Manual changes might be lost - proceed with caution!

__metadata:
  version: 6
  cacheKey: 8

"@serl/github-profile@workspace:.":
  version: 0.0.0-use.local
  resolution: "@serl/github-profile@workspace:."
  dependencies:
    prettier: ^3.2.4
  languageName: unknown
  linkType: soft

"prettier@npm:^3.2.4":
  version: 3.2.4
  resolution: "prettier@npm:3.2.4"
  bin:
    prettier: bin/prettier.cjs
  checksum: 6ec9385a836e0b9bac549e585101c086d1521c31d7b882d5c8bb7d7646da0693da5f31f4fff6dc080710e5e2d34c85e6fb2f8766876b3645c8be2f33b9c3d1a3
  languageName: node
  linkType: hard
