# This file is generated by running "yarn install" inside your project.
# Manual changes might be lost - proceed with caution!

__metadata:
  version: 6
  cacheKey: 8

"@serl/github-profile@workspace:.":
  version: 0.0.0-use.local
  resolution: "@serl/github-profile@workspace:."
  dependencies:
    prettier: ^3.6.0
  languageName: unknown
  linkType: soft

"prettier@npm:^3.6.0":
  version: 3.6.0
  resolution: "prettier@npm:3.6.0"
  bin:
    prettier: bin/prettier.cjs
  checksum: 4ff40e82092565b05165c527b5ba3e9f6de6b785c81297e79665e881d9409a922ddf43b222440a90678a840133b498ed3e9af5c7c2106119c9552bda0f79dfeb
  languageName: node
  linkType: hard
