# This file is generated by running "yarn install" inside your project.
# Manual changes might be lost - proceed with caution!

__metadata:
  version: 6
  cacheKey: 8

"@serl/github-profile@workspace:.":
  version: 0.0.0-use.local
  resolution: "@serl/github-profile@workspace:."
  dependencies:
    prettier: ^3.4.2
  languageName: unknown
  linkType: soft

"prettier@npm:^3.4.2":
  version: 3.4.2
  resolution: "prettier@npm:3.4.2"
  bin:
    prettier: bin/prettier.cjs
  checksum: 061c84513db62d3944c8dc8df36584dad82883ce4e49efcdbedd8703dce5b173c33fd9d2a4e1725d642a3b713c932b55418342eaa347479bc4a9cca114a04cd0
  languageName: node
  linkType: hard
